
Microsoft Visual Studio Solution File, Format Version 12.00
# Visual Studio 15
VisualStudioVersion = 15.0.27428.2043
MinimumVisualStudioVersion = 10.0.40219.1
Project("{FAE04EC0-301F-11D3-BF4B-00C04F79EFBC}") = "DC.ETL.Infrastructure", "DC.ETL.Infrastructure\DC.ETL.Infrastructure.csproj", "{B5859FF2-B448-4BFB-A52E-5C2DDF9798C5}"
EndProject
Project("{FAE04EC0-301F-11D3-BF4B-00C04F79EFBC}") = "DC.ETL.Repository", "DC.ETL.Repository\DC.ETL.Repository.csproj", "{795FF618-E8EB-43DD-8BFB-2AAC763416C8}"
EndProject
Project("{2150E333-8FDC-42A3-9474-1A3956D46DE8}") = "DC.ETL.Models", "DC.ETL.Models", "{B4F76208-1E9B-408C-9664-435B6D046D9A}"
EndProject
Project("{FAE04EC0-301F-11D3-BF4B-00C04F79EFBC}") = "DC.ETL.Domain", "DC.ETL.Domain\DC.ETL.Domain.csproj", "{6DFE99D3-7183-485B-B67A-EAD3EDCAA59F}"
EndProject
Project("{FAE04EC0-301F-11D3-BF4B-00C04F79EFBC}") = "DC.ETL.Models.DTO", "DC.ETL.Models.DTO\DC.ETL.Models.DTO.csproj", "{1B4F7645-5E54-44A5-ACC0-2CA3E40AEA27}"
EndProject
Project("{2150E333-8FDC-42A3-9474-1A3956D46DE8}") = "DC.ETL.Application", "DC.ETL.Application", "{BF85825F-D9AA-4463-A426-1BBD4891D109}"
EndProject
Project("{FAE04EC0-301F-11D3-BF4B-00C04F79EFBC}") = "DC.ETL.Manager", "DC.ETL.Manager\DC.ETL.Manager.csproj", "{B95C1BFF-68F6-4BFB-842B-6D2FB7C9AA20}"
EndProject
Project("{FAE04EC0-301F-11D3-BF4B-00C04F79EFBC}") = "DC.ETL.ExtractEngine", "DC.ETL.ExtractEngine\DC.ETL.ExtractEngine.csproj", "{2C56A960-384C-4ADF-A457-6895DCF4F915}"
EndProject
Project("{FAE04EC0-301F-11D3-BF4B-00C04F79EFBC}") = "DC.ETL.Infrastructure.Test", "DC.ETL.Infrastructure.Test\DC.ETL.Infrastructure.Test.csproj", "{62E58E46-146B-4655-8DAA-09A2DAC70B8B}"
EndProject
Project("{FAE04EC0-301F-11D3-BF4B-00C04F79EFBC}") = "DC.ETL.ApplicationService", "DC.ETL.ApplicationService\DC.ETL.ApplicationService.csproj", "{C6765F22-9D11-495F-966C-745C076D9976}"
EndProject
Project("{FAE04EC0-301F-11D3-BF4B-00C04F79EFBC}") = "DC.ETL.Events", "DC.ETL.Events\DC.ETL.Events.csproj", "{544B8B94-43E6-484F-B8C5-212F09750EE9}"
EndProject
Global
	GlobalSection(SolutionConfigurationPlatforms) = preSolution
		Debug|Any CPU = Debug|Any CPU
		Release|Any CPU = Release|Any CPU
	EndGlobalSection
	GlobalSection(ProjectConfigurationPlatforms) = postSolution
		{B5859FF2-B448-4BFB-A52E-5C2DDF9798C5}.Debug|Any CPU.ActiveCfg = Debug|Any CPU
		{B5859FF2-B448-4BFB-A52E-5C2DDF9798C5}.Debug|Any CPU.Build.0 = Debug|Any CPU
		{B5859FF2-B448-4BFB-A52E-5C2DDF9798C5}.Release|Any CPU.ActiveCfg = Release|Any CPU
		{B5859FF2-B448-4BFB-A52E-5C2DDF9798C5}.Release|Any CPU.Build.0 = Release|Any CPU
		{795FF618-E8EB-43DD-8BFB-2AAC763416C8}.Debug|Any CPU.ActiveCfg = Debug|Any CPU
		{795FF618-E8EB-43DD-8BFB-2AAC763416C8}.Debug|Any CPU.Build.0 = Debug|Any CPU
		{795FF618-E8EB-43DD-8BFB-2AAC763416C8}.Release|Any CPU.ActiveCfg = Release|Any CPU
		{795FF618-E8EB-43DD-8BFB-2AAC763416C8}.Release|Any CPU.Build.0 = Release|Any CPU
		{6DFE99D3-7183-485B-B67A-EAD3EDCAA59F}.Debug|Any CPU.ActiveCfg = Debug|Any CPU
		{6DFE99D3-7183-485B-B67A-EAD3EDCAA59F}.Debug|Any CPU.Build.0 = Debug|Any CPU
		{6DFE99D3-7183-485B-B67A-EAD3EDCAA59F}.Release|Any CPU.ActiveCfg = Release|Any CPU
		{6DFE99D3-7183-485B-B67A-EAD3EDCAA59F}.Release|Any CPU.Build.0 = Release|Any CPU
		{1B4F7645-5E54-44A5-ACC0-2CA3E40AEA27}.Debug|Any CPU.ActiveCfg = Debug|Any CPU
		{1B4F7645-5E54-44A5-ACC0-2CA3E40AEA27}.Debug|Any CPU.Build.0 = Debug|Any CPU
		{1B4F7645-5E54-44A5-ACC0-2CA3E40AEA27}.Release|Any CPU.ActiveCfg = Release|Any CPU
		{1B4F7645-5E54-44A5-ACC0-2CA3E40AEA27}.Release|Any CPU.Build.0 = Release|Any CPU
		{B95C1BFF-68F6-4BFB-842B-6D2FB7C9AA20}.Debug|Any CPU.ActiveCfg = Debug|Any CPU
		{B95C1BFF-68F6-4BFB-842B-6D2FB7C9AA20}.Debug|Any CPU.Build.0 = Debug|Any CPU
		{B95C1BFF-68F6-4BFB-842B-6D2FB7C9AA20}.Release|Any CPU.ActiveCfg = Release|Any CPU
		{B95C1BFF-68F6-4BFB-842B-6D2FB7C9AA20}.Release|Any CPU.Build.0 = Release|Any CPU
		{2C56A960-384C-4ADF-A457-6895DCF4F915}.Debug|Any CPU.ActiveCfg = Debug|Any CPU
		{2C56A960-384C-4ADF-A457-6895DCF4F915}.Debug|Any CPU.Build.0 = Debug|Any CPU
		{2C56A960-384C-4ADF-A457-6895DCF4F915}.Release|Any CPU.ActiveCfg = Release|Any CPU
		{2C56A960-384C-4ADF-A457-6895DCF4F915}.Release|Any CPU.Build.0 = Release|Any CPU
		{62E58E46-146B-4655-8DAA-09A2DAC70B8B}.Debug|Any CPU.ActiveCfg = Debug|Any CPU
		{62E58E46-146B-4655-8DAA-09A2DAC70B8B}.Debug|Any CPU.Build.0 = Debug|Any CPU
		{62E58E46-146B-4655-8DAA-09A2DAC70B8B}.Release|Any CPU.ActiveCfg = Release|Any CPU
		{62E58E46-146B-4655-8DAA-09A2DAC70B8B}.Release|Any CPU.Build.0 = Release|Any CPU
		{C6765F22-9D11-495F-966C-745C076D9976}.Debug|Any CPU.ActiveCfg = Debug|Any CPU
		{C6765F22-9D11-495F-966C-745C076D9976}.Debug|Any CPU.Build.0 = Debug|Any CPU
		{C6765F22-9D11-495F-966C-745C076D9976}.Release|Any CPU.ActiveCfg = Release|Any CPU
		{C6765F22-9D11-495F-966C-745C076D9976}.Release|Any CPU.Build.0 = Release|Any CPU
		{544B8B94-43E6-484F-B8C5-212F09750EE9}.Debug|Any CPU.ActiveCfg = Debug|Any CPU
		{544B8B94-43E6-484F-B8C5-212F09750EE9}.Debug|Any CPU.Build.0 = Debug|Any CPU
		{544B8B94-43E6-484F-B8C5-212F09750EE9}.Release|Any CPU.ActiveCfg = Release|Any CPU
		{544B8B94-43E6-484F-B8C5-212F09750EE9}.Release|Any CPU.Build.0 = Release|Any CPU
	EndGlobalSection
	GlobalSection(SolutionProperties) = preSolution
		HideSolutionNode = FALSE
	EndGlobalSection
	GlobalSection(NestedProjects) = preSolution
		{1B4F7645-5E54-44A5-ACC0-2CA3E40AEA27} = {B4F76208-1E9B-408C-9664-435B6D046D9A}
		{B95C1BFF-68F6-4BFB-842B-6D2FB7C9AA20} = {BF85825F-D9AA-4463-A426-1BBD4891D109}
		{2C56A960-384C-4ADF-A457-6895DCF4F915} = {BF85825F-D9AA-4463-A426-1BBD4891D109}
	EndGlobalSection
	GlobalSection(ExtensibilityGlobals) = postSolution
		SolutionGuid = {C55831E0-F163-4031-A1D6-8056AE65CEE8}
	EndGlobalSection
EndGlobal
